
Microsoft Visual Studio Solution File, Format Version 12.00
# Visual Studio Version 16
VisualStudioVersion = 16.0.31702.278
MinimumVisualStudioVersion = 10.0.40219.1
Project("{8BC9CEB8-8B4A-11D0-8D11-00A0C91BC942}") = "dillema", "dillema.vcxproj", "{34B2AFCD-70F4-4D69-A442-4226CFF9A9E9}"
EndProject
Project("{8BC9CEB8-8B4A-11D0-8D11-00A0C91BC942}") = "Tests", "..\Tests\Tests.vcxproj", "{C4038ABC-C3C1-46C1-91E5-21C4F665A22C}"
EndProject
Global
	GlobalSection(SolutionConfigurationPlatforms) = preSolution
		Debug|x64 = Debug|x64
		Debug|x86 = Debug|x86
		Release|x64 = Release|x64
		Release|x86 = Release|x86
	EndGlobalSection
	GlobalSection(ProjectConfigurationPlatforms) = postSolution
		{34B2AFCD-70F4-4D69-A442-4226CFF9A9E9}.Debug|x64.ActiveCfg = Debug|x64
		{34B2AFCD-70F4-4D69-A442-4226CFF9A9E9}.Debug|x64.Build.0 = Debug|x64
		{34B2AFCD-70F4-4D69-A442-4226CFF9A9E9}.Debug|x86.ActiveCfg = Debug|Win32
		{34B2AFCD-70F4-4D69-A442-4226CFF9A9E9}.Debug|x86.Build.0 = Debug|Win32
		{34B2AFCD-70F4-4D69-A442-4226CFF9A9E9}.Release|x64.ActiveCfg = Release|x64
		{34B2AFCD-70F4-4D69-A442-4226CFF9A9E9}.Release|x64.Build.0 = Release|x64
		{34B2AFCD-70F4-4D69-A442-4226CFF9A9E9}.Release|x86.ActiveCfg = Release|Win32
		{34B2AFCD-70F4-4D69-A442-4226CFF9A9E9}.Release|x86.Build.0 = Release|Win32
		{C4038ABC-C3C1-46C1-91E5-21C4F665A22C}.Debug|x64.ActiveCfg = Debug|x64
		{C4038ABC-C3C1-46C1-91E5-21C4F665A22C}.Debug|x64.Build.0 = Debug|x64
		{C4038ABC-C3C1-46C1-91E5-21C4F665A22C}.Debug|x86.ActiveCfg = Debug|Win32
		{C4038ABC-C3C1-46C1-91E5-21C4F665A22C}.Debug|x86.Build.0 = Debug|Win32
		{C4038ABC-C3C1-46C1-91E5-21C4F665A22C}.Release|x64.ActiveCfg = Release|x64
		{C4038ABC-C3C1-46C1-91E5-21C4F665A22C}.Release|x64.Build.0 = Release|x64
		{C4038ABC-C3C1-46C1-91E5-21C4F665A22C}.Release|x86.ActiveCfg = Release|Win32
		{C4038ABC-C3C1-46C1-91E5-21C4F665A22C}.Release|x86.Build.0 = Release|Win32
	EndGlobalSection
	GlobalSection(SolutionProperties) = preSolution
		HideSolutionNode = FALSE
	EndGlobalSection
	GlobalSection(ExtensibilityGlobals) = postSolution
		SolutionGuid = {101F7B69-D417-4084-A7A5-9331357F9D67}
	EndGlobalSection
EndGlobal
